PODS:
  - Bugsnag (6.4.0)
  - CGRPCZlib (1.0.0-alpha.19)
  - CNIOAtomics (2.25.0)
  - CNIOBoringSSL (2.10.1)
  - CNIOBoringSSLShims (2.10.1):
    - CNIOBoringSSL (= 2.10.1)
  - CNIODarwin (2.25.0)
  - CNIOHTTPParser (2.25.0)
  - CNIOLinux (2.25.0)
  - CNIOSHA1 (2.25.0)
  - CNIOWindows (2.25.0)
  - gRPC-Swift (1.0.0-alpha.19):
    - CGRPCZlib (= 1.0.0-alpha.19)
    - Logging (< 2, >= 1.2.0)
    - SwiftNIO (< 3, >= 2.19.0)
    - SwiftNIOHTTP2 (< 2, >= 1.12.2)
    - SwiftNIOSSL (< 3, >= 2.8.0)
    - SwiftNIOTransportServices (< 2, >= 1.6.0)
    - SwiftProtobuf (< 2, >= 1.9.0)
  - KeychainSwift (19.0.0)
  - Logging (1.4.0)
  - lottie-ios (3.1.9)
  - Mixpanel-swift (2.8.1):
    - Mixpanel-swift/Complete (= 2.8.1)
  - Mixpanel-swift/Complete (2.8.1)
  - MnemonicSwift (2.0.0)
  - SQLite.swift (0.12.2):
    - SQLite.swift/standard (= 0.12.2)
  - SQLite.swift/standard (0.12.2)
  - SwiftNIO (2.25.0):
    - CNIOAtomics (= 2.25.0)
    - CNIODarwin (= 2.25.0)
    - CNIOLinux (= 2.25.0)
    - CNIOSHA1 (= 2.25.0)
    - CNIOWindows (= 2.25.0)
    - SwiftNIOConcurrencyHelpers (= 2.25.0)
  - SwiftNIOConcurrencyHelpers (2.25.0):
    - CNIOAtomics (= 2.25.0)
  - SwiftNIOFoundationCompat (2.25.0):
    - SwiftNIO (= 2.25.0)
  - SwiftNIOHPACK (1.16.0):
    - SwiftNIO (< 3, >= 2.18.0)
    - SwiftNIOConcurrencyHelpers (< 3, >= 2.18.0)
    - SwiftNIOHTTP1 (< 3, >= 2.18.0)
  - SwiftNIOHTTP1 (2.25.0):
    - CNIOHTTPParser (= 2.25.0)
    - SwiftNIO (= 2.25.0)
    - SwiftNIOConcurrencyHelpers (= 2.25.0)
  - SwiftNIOHTTP2 (1.16.0):
    - SwiftNIO (< 3, >= 2.18.0)
    - SwiftNIOConcurrencyHelpers (< 3, >= 2.18.0)
    - SwiftNIOHPACK (= 1.16.0)
    - SwiftNIOHTTP1 (< 3, >= 2.18.0)
    - SwiftNIOTLS (< 3, >= 2.18.0)
  - SwiftNIOSSL (2.10.1):
    - CNIOBoringSSL (= 2.10.1)
    - CNIOBoringSSLShims (= 2.10.1)
    - SwiftNIO (< 3, >= 2.15.0)
    - SwiftNIOConcurrencyHelpers (< 3, >= 2.15.0)
    - SwiftNIOTLS (< 3, >= 2.15.0)
  - SwiftNIOTLS (2.25.0):
    - SwiftNIO (= 2.25.0)
  - SwiftNIOTransportServices (1.9.1):
    - SwiftNIO (< 3, >= 2.19.0)
    - SwiftNIOConcurrencyHelpers (< 3, >= 2.19.0)
    - SwiftNIOFoundationCompat (< 3, >= 2.19.0)
    - SwiftNIOTLS (< 3, >= 2.19.0)
  - SwiftProtobuf (1.14.0)
  - TinyQRScanner (1.0.1)
  - ZcashLightClientKit (0.8.0):
    - gRPC-Swift (= 1.0.0-alpha.19)
    - SQLite.swift (~> 0.12.2)

DEPENDENCIES:
  - Bugsnag
  - gRPC-Swift (= 1.0.0-alpha.19)
  - KeychainSwift (~> 19.0.0)
  - lottie-ios
  - Mixpanel-swift
  - MnemonicSwift (from `https://github.com/zcash-hackworks/MnemonicSwift.git`, branch `master`)
  - TinyQRScanner
  - ZcashLightClientKit (from `https://github.com/zcash/ZcashLightClientKit.git`, branch `master`)

SPEC REPOS:
  trunk:
    - Bugsnag
    - CGRPCZlib
    - CNIOAtomics
    - CNIOBoringSSL
    - CNIOBoringSSLShims
    - CNIODarwin
    - CNIOHTTPParser
    - CNIOLinux
    - CNIOSHA1
    - CNIOWindows
    - gRPC-Swift
    - KeychainSwift
    - Logging
    - lottie-ios
    - Mixpanel-swift
    - SQLite.swift
    - SwiftNIO
    - SwiftNIOConcurrencyHelpers
    - SwiftNIOFoundationCompat
    - SwiftNIOHPACK
    - SwiftNIOHTTP1
    - SwiftNIOHTTP2
    - SwiftNIOSSL
    - SwiftNIOTLS
    - SwiftNIOTransportServices
    - SwiftProtobuf
    - TinyQRScanner

EXTERNAL SOURCES:
  MnemonicSwift:
    :branch: master
    :git: https://github.com/zcash-hackworks/MnemonicSwift.git
  ZcashLightClientKit:
    :branch: master
    :git: https://github.com/zcash/ZcashLightClientKit.git

CHECKOUT OPTIONS:
  MnemonicSwift:
    :commit: 714cc6e2631ac322fc0067b2302358c1baad9275
    :git: https://github.com/zcash-hackworks/MnemonicSwift.git
  ZcashLightClientKit:
    :commit: 940695354d48c8adc3680728d9fcdd8ec6d09630
    :git: https://github.com/zcash/ZcashLightClientKit.git

SPEC CHECKSUMS:
  Bugsnag: add1eaae031a0bd51c3e35b4eca3ecaec2b780ab
  CGRPCZlib: befd9b92013c647f18aa9b7d9e9231d52e1ced1b
  CNIOAtomics: d078a498a16e2d0d89eb45e854d49afb168ee4ad
  CNIOBoringSSL: bf8cb0eb8abddef7c948a563ea6aba66719736e5
  CNIOBoringSSLShims: 157c38a28100623bbf6ae1d8c988225189ce5d8f
  CNIODarwin: 0df880826baf5b2ca89ed6b2c29e39e142afba32
  CNIOHTTPParser: 783f1e413b6c6a9ded49747687a330f8e0a25e95
  CNIOLinux: dbcbe20bf8ab6baeb424aa58107ece92fb955aa8
  CNIOSHA1: 1ff64088bd91417abef09db5e3e1936dbfd3bf0b
  CNIOWindows: cda9fd9fb08758e842fcf7d5954e49e4733d3317
  gRPC-Swift: 75a7a8d7cd08177165ef971159afb84e5130cfc9
  KeychainSwift: a06190cf933ad46b1e0abc3d77d29c06331715c7
  Logging: beeb016c9c80cf77042d62e83495816847ef108b
  lottie-ios: 3a3758ef5a008e762faec9c9d50a39842f26d124
  Mixpanel-swift: 9d3a2597ef015f187abae0bfa5fda5997d5e4429
  MnemonicSwift: 36384fc6b2640d93df9fe9fb60a8da7957cec36d
  SQLite.swift: d2b4642190917051ce6bd1d49aab565fe794eea3
  SwiftNIO: 9ac0801d52488056b7874fe0d42885afbcd9ef6b
  SwiftNIOConcurrencyHelpers: 35b622016ccbd7b0723f39abd9c24e172df05086
  SwiftNIOFoundationCompat: 92c330e2d7663243c5d3fde9e380436e8b49ab32
  SwiftNIOHPACK: 1c0b1ca04a5c7012c63c5c14d224b69ff6c06756
  SwiftNIOHTTP1: 6d8ca045225f1da1b8b47268374e97a46169c0db
  SwiftNIOHTTP2: 5d77df99b769e662aa14e0e1f169954fdab17f9f
  SwiftNIOSSL: 4b50e3b7e2d5baf97c185eacbacdf11a88efdde4
  SwiftNIOTLS: 32818e9a4baf5251993ab597f0eb096b3211c90f
  SwiftNIOTransportServices: a8a17a43695a09bfdd5a56426f6e515120d5dbf3
  SwiftProtobuf: ed465ed18402f998fd117f631da27e0168e6b59c
  TinyQRScanner: 4077088ff2e8d476af79e6035413648c2c7900ef
  ZcashLightClientKit: 82c225b8ebe4bb44983acc6fb47e043d68a01651

PODFILE CHECKSUM: d4f916caef56008f8fca85399c0e256d941c6e19

COCOAPODS: 1.9.3
